
Microsoft Visual Studio Solution File, Format Version 12.00
# Visual Studio Version 17
VisualStudioVersion = 17.7.34302.85
MinimumVisualStudioVersion = 10.0.40219.1
Project("{FAE04EC0-301F-11D3-BF4B-00C04F79EFBC}") = "WinFormsApp22", "WinFormsApp22\WinFormsApp22.csproj", "{D6796930-C5D5-46FB-8152-D654496E7D45}"
EndProject
Global
	GlobalSection(SolutionConfigurationPlatforms) = preSolution
		Debug|Any CPU = Debug|Any CPU
		Release|Any CPU = Release|Any CPU
	EndGlobalSection
	GlobalSection(ProjectConfigurationPlatforms) = postSolution
		{D6796930-C5D5-46FB-8152-D654496E7D45}.Debug|Any CPU.ActiveCfg = Debug|Any CPU
		{D6796930-C5D5-46FB-8152-D654496E7D45}.Debug|Any CPU.Build.0 = Debug|Any CPU
		{D6796930-C5D5-46FB-8152-D654496E7D45}.Release|Any CPU.ActiveCfg = Release|Any CPU
		{D6796930-C5D5-46FB-8152-D654496E7D45}.Release|Any CPU.Build.0 = Release|Any CPU
	EndGlobalSection
	GlobalSection(SolutionProperties) = preSolution
		HideSolutionNode = FALSE
	EndGlobalSection
	GlobalSection(ExtensibilityGlobals) = postSolution
		SolutionGuid = {AC6BB853-7CFD-4E9F-B748-E4F4C9129FFE}
	EndGlobalSection
EndGlobal
